{
  "name": "1. React入门到实战核心精讲",
  "lockfileVersion": 3,
  "requires": true,
  "packages": {
    "": {
      "dependencies": {
        "classname": "^0.0.0",
        "dayjs": "^1.11.13",
        "lodash": "^4.17.21",
        "uuid": "^11.0.3"
      }
    },
    "node_modules/classname": {
      "version": "0.0.0",
      "resolved": "https://registry.npmmirror.com/classname/-/classname-0.0.0.tgz",
      "integrity": "sha512-kkhsspEJdUW+VhuvNzb2sQf0KbafDPfd36dB1qf03Uu42dWZwMQzaQuyNkaRr5ir0ZiAN0+TlH/EOOfwb/aaXg=="
    },
    "node_modules/dayjs": {
      "version": "1.11.13",
      "resolved": "https://registry.npmmirror.com/dayjs/-/dayjs-1.11.13.tgz",
      "integrity": "sha512-oaMBel6gjolK862uaPQOVTA7q3TZhuSvuMQAAglQDOWYO9A91IrAOUJEyKVlqJlHE0vq5p5UXxzdPfMH/x6xNg=="
    },
    "node_modules/lodash": {
      "version": "4.17.21",
      "resolved": "https://registry.npmmirror.com/lodash/-/lodash-4.17.21.tgz",
      "integrity": "sha512-v2kDEe57lecTulaDIuNTPy3Ry4gLGJ6Z1O3vE1krgXZNrsQ+LFTGHVxVjcXPs17LhbZVGedAJv8XZ1tvj5FvSg=="
    },
    "node_modules/uuid": {
      "version": "11.0.3",
      "resolved": "https://registry.npmmirror.com/uuid/-/uuid-11.0.3.tgz",
      "integrity": "sha512-d0z310fCWv5dJwnX1Y/MncBAqGMKEzlBb1AOf7z9K8ALnd0utBX/msg/fA0+sbyN1ihbMsLhrBlnl1ak7Wa0rg==",
      "funding": [
        "https://github.com/sponsors/broofa",
        "https://github.com/sponsors/ctavan"
      ],
      "bin": {
        "uuid": "dist/esm/bin/uuid"
      }
    }
  }
}
